
Microsoft Visual Studio Solution File, Format Version 12.00
# Visual Studio Version 17
VisualStudioVersion = 17.14.36414.22
MinimumVisualStudioVersion = 10.0.40219.1
Project("{FAE04EC0-301F-11D3-BF4B-00C04F79EFBC}") = "JobBoardSample.Api", "JobBoardSample.Api\JobBoardSample.Api.csproj", "{A7112182-FE22-4958-9A81-7F0103433851}"
EndProject
Project("{FAE04EC0-301F-11D3-BF4B-00C04F79EFBC}") = "JobBoardSample.BlazorApp", "JobBoardSample.BlazorApp\JobBoardSample.BlazorApp.csproj", "{D32C654B-C032-4359-974C-5C5B35A4B361}"
EndProject
Project("{FAE04EC0-301F-11D3-BF4B-00C04F79EFBC}") = "JobBoardSample.Maui", "JobBoardSample.Maui\JobBoardSample.Maui.csproj", "{49C971BF-E749-4CC3-86CF-7C38AEF1A528}"
EndProject
Project("{FAE04EC0-301F-11D3-BF4B-00C04F79EFBC}") = "JobBoardSample.Shared", "JobBoardSample.Shared\JobBoardSample.Shared.csproj", "{AC6D5D83-8A2A-45C6-AEA7-54FB0B5814D8}"
EndProject
Global
	GlobalSection(SolutionConfigurationPlatforms) = preSolution
		Debug|Any CPU = Debug|Any CPU
		Release|Any CPU = Release|Any CPU
	EndGlobalSection
	GlobalSection(ProjectConfigurationPlatforms) = postSolution
		{A7112182-FE22-4958-9A81-7F0103433851}.Debug|Any CPU.ActiveCfg = Debug|Any CPU
		{A7112182-FE22-4958-9A81-7F0103433851}.Debug|Any CPU.Build.0 = Debug|Any CPU
		{A7112182-FE22-4958-9A81-7F0103433851}.Release|Any CPU.ActiveCfg = Release|Any CPU
		{A7112182-FE22-4958-9A81-7F0103433851}.Release|Any CPU.Build.0 = Release|Any CPU
		{D32C654B-C032-4359-974C-5C5B35A4B361}.Debug|Any CPU.ActiveCfg = Debug|Any CPU
		{D32C654B-C032-4359-974C-5C5B35A4B361}.Debug|Any CPU.Build.0 = Debug|Any CPU
		{D32C654B-C032-4359-974C-5C5B35A4B361}.Release|Any CPU.ActiveCfg = Release|Any CPU
		{D32C654B-C032-4359-974C-5C5B35A4B361}.Release|Any CPU.Build.0 = Release|Any CPU
		{49C971BF-E749-4CC3-86CF-7C38AEF1A528}.Debug|Any CPU.ActiveCfg = Debug|Any CPU
		{49C971BF-E749-4CC3-86CF-7C38AEF1A528}.Debug|Any CPU.Build.0 = Debug|Any CPU
		{49C971BF-E749-4CC3-86CF-7C38AEF1A528}.Debug|Any CPU.Deploy.0 = Debug|Any CPU
		{49C971BF-E749-4CC3-86CF-7C38AEF1A528}.Release|Any CPU.ActiveCfg = Release|Any CPU
		{49C971BF-E749-4CC3-86CF-7C38AEF1A528}.Release|Any CPU.Build.0 = Release|Any CPU
		{49C971BF-E749-4CC3-86CF-7C38AEF1A528}.Release|Any CPU.Deploy.0 = Release|Any CPU
		{AC6D5D83-8A2A-45C6-AEA7-54FB0B5814D8}.Debug|Any CPU.ActiveCfg = Debug|Any CPU
		{AC6D5D83-8A2A-45C6-AEA7-54FB0B5814D8}.Debug|Any CPU.Build.0 = Debug|Any CPU
		{AC6D5D83-8A2A-45C6-AEA7-54FB0B5814D8}.Release|Any CPU.ActiveCfg = Release|Any CPU
		{AC6D5D83-8A2A-45C6-AEA7-54FB0B5814D8}.Release|Any CPU.Build.0 = Release|Any CPU
	EndGlobalSection
	GlobalSection(SolutionProperties) = preSolution
		HideSolutionNode = FALSE
	EndGlobalSection
	GlobalSection(ExtensibilityGlobals) = postSolution
		SolutionGuid = {C52FB9AB-2330-4E67-99E9-1DFA7D3D82C7}
	EndGlobalSection
EndGlobal
